
Microsoft Visual Studio Solution File, Format Version 12.00
# Visual Studio Version 17
VisualStudioVersion = 17.0.31919.166
MinimumVisualStudioVersion = 10.0.40219.1
Project("{9A19103F-16F7-4668-BE54-9A1E7A4F7556}") = "GraphicsTester", "GraphicsTester\GraphicsTester.csproj", "{81A579A8-BD68-4945-9112-A4AB2D9128EF}"
EndProject
Project("{2150E333-8FDC-42A3-9474-1A3956D46DE8}") = "GitHub", "GitHub", "{3BD44E88-C2E1-4FDD-969F-327C88CF048E}"
	ProjectSection(SolutionItems) = preProject
		README.md = README.md
	EndProjectSection
EndProject
Project("{2150E333-8FDC-42A3-9474-1A3956D46DE8}") = "Lib", "Lib", "{83EB4975-457E-4BBC-B51D-28EFA5323D75}"
EndProject
Project("{2150E333-8FDC-42A3-9474-1A3956D46DE8}") = "MAUI", "MAUI", "{E56158CA-E95E-4ECC-B2CF-AD26DF19F7FA}"
EndProject
Project("{2150E333-8FDC-42A3-9474-1A3956D46DE8}") = "Platforms", "Platforms", "{4775A2DB-63AA-44DC-877B-B979FF603B30}"
EndProject
Project("{2150E333-8FDC-42A3-9474-1A3956D46DE8}") = "UWP", "UWP", "{05125588-4E3D-4C6A-B86B-DDCB347D4A17}"
EndProject
Project("{2150E333-8FDC-42A3-9474-1A3956D46DE8}") = "WPF", "WPF", "{1DA6F6CB-79AE-423D-8BC2-E2A525F8CCD9}"
EndProject
Project("{2150E333-8FDC-42A3-9474-1A3956D46DE8}") = "WinUI", "WinUI", "{17CAF50C-6880-4E60-92A2-852F6B7BA616}"
EndProject
Project("{FAE04EC0-301F-11D3-BF4B-00C04F79EFBC}") = "Microsoft.Maui.Graphics.Xaml.UWP", "MAUI\Microsoft.Maui.Graphics.Xaml.UWP\Microsoft.Maui.Graphics.Xaml.UWP.csproj", "{9DF3C198-5B93-47B1-A8C4-11A25CA6DEF2}"
EndProject
Project("{9A19103F-16F7-4668-BE54-9A1E7A4F7556}") = "Microsoft.Maui.Graphics", "MAUI\Microsoft.Maui.Graphics\Microsoft.Maui.Graphics.csproj", "{81B9D77A-B5DB-48D9-971E-246EBE9BC92C}"
EndProject
Project("{9A19103F-16F7-4668-BE54-9A1E7A4F7556}") = "Microsoft.Maui.Graphics.Xaml.WinUI", "MAUI\Microsoft.Maui.Graphics.Xaml.WinUI\Microsoft.Maui.Graphics.Xaml.WinUI.csproj", "{B41C3FE7-14D4-46D9-9176-73FBFB3421DD}"
EndProject
Project("{FAE04EC0-301F-11D3-BF4B-00C04F79EFBC}") = "Microsoft.Maui.Graphics.Xaml.WPF", "MAUI\Microsoft.Maui.Graphics.Xaml.WPF\Microsoft.Maui.Graphics.Xaml.WPF.csproj", "{1AE63774-985A-4D2F-AAE1-8056B7B36264}"
EndProject
Project("{9A19103F-16F7-4668-BE54-9A1E7A4F7556}") = "XamlBenchmarkWinUI", "Platforms\XamlBenchmarkWinUI\XamlBenchmarkWinUI.csproj", "{D30BEF13-8056-4C9B-88DD-86DE8370209B}"
EndProject
Project("{9A19103F-16F7-4668-BE54-9A1E7A4F7556}") = "Microsoft.Maui.Graphics.Text.Markdig", "MAUI\Microsoft.Maui.Graphics.Text.Markdig\Microsoft.Maui.Graphics.Text.Markdig.csproj", "{3495D5AB-D333-483D-AEB5-619CB91DC846}"
EndProject
Project("{9A19103F-16F7-4668-BE54-9A1E7A4F7556}") = "XamlBenchmarkWPF", "Platforms\XamlBenchmarkWPF\XamlBenchmarkWPF.csproj", "{61600C00-9ACF-4A7A-A91D-0A8680D8FCDB}"
EndProject
Project("{FAE04EC0-301F-11D3-BF4B-00C04F79EFBC}") = "XamlBenchmarkUWP", "Platforms\XamlBenchmarkUWP\XamlBenchmarkUWP.csproj", "{19ECF564-2D56-4F19-BE38-5AC07CBF8306}"
EndProject
Project("{FAE04EC0-301F-11D3-BF4B-00C04F79EFBC}") = "XamlBenchmarkWinUI2UWP", "Platforms\XamlBenchmarkWinUI2UWP\XamlBenchmarkWinUI2UWP.csproj", "{073C7D55-2FC4-4010-861C-A07F63EFF010}"
EndProject
Global
	GlobalSection(SolutionConfigurationPlatforms) = preSolution
		Debug|Any CPU = Debug|Any CPU
		Debug|ARM = Debug|ARM
		Debug|arm64 = Debug|arm64
		Debug|x64 = Debug|x64
		Debug|x86 = Debug|x86
		Release|Any CPU = Release|Any CPU
		Release|ARM = Release|ARM
		Release|arm64 = Release|arm64
		Release|x64 = Release|x64
		Release|x86 = Release|x86
	EndGlobalSection
	GlobalSection(ProjectConfigurationPlatforms) = postSolution
		{81A579A8-BD68-4945-9112-A4AB2D9128EF}.Debug|Any CPU.ActiveCfg = Debug|Any CPU
		{81A579A8-BD68-4945-9112-A4AB2D9128EF}.Debug|Any CPU.Build.0 = Debug|Any CPU
		{81A579A8-BD68-4945-9112-A4AB2D9128EF}.Debug|ARM.ActiveCfg = Debug|Any CPU
		{81A579A8-BD68-4945-9112-A4AB2D9128EF}.Debug|ARM.Build.0 = Debug|Any CPU
		{81A579A8-BD68-4945-9112-A4AB2D9128EF}.Debug|arm64.ActiveCfg = Debug|Any CPU
		{81A579A8-BD68-4945-9112-A4AB2D9128EF}.Debug|arm64.Build.0 = Debug|Any CPU
		{81A579A8-BD68-4945-9112-A4AB2D9128EF}.Debug|x64.ActiveCfg = Debug|Any CPU
		{81A579A8-BD68-4945-9112-A4AB2D9128EF}.Debug|x64.Build.0 = Debug|Any CPU
		{81A579A8-BD68-4945-9112-A4AB2D9128EF}.Debug|x86.ActiveCfg = Debug|Any CPU
		{81A579A8-BD68-4945-9112-A4AB2D9128EF}.Debug|x86.Build.0 = Debug|Any CPU
		{81A579A8-BD68-4945-9112-A4AB2D9128EF}.Release|Any CPU.ActiveCfg = Release|Any CPU
		{81A579A8-BD68-4945-9112-A4AB2D9128EF}.Release|Any CPU.Build.0 = Release|Any CPU
		{81A579A8-BD68-4945-9112-A4AB2D9128EF}.Release|ARM.ActiveCfg = Release|Any CPU
		{81A579A8-BD68-4945-9112-A4AB2D9128EF}.Release|ARM.Build.0 = Release|Any CPU
		{81A579A8-BD68-4945-9112-A4AB2D9128EF}.Release|arm64.ActiveCfg = Release|Any CPU
		{81A579A8-BD68-4945-9112-A4AB2D9128EF}.Release|arm64.Build.0 = Release|Any CPU
		{81A579A8-BD68-4945-9112-A4AB2D9128EF}.Release|x64.ActiveCfg = Release|Any CPU
		{81A579A8-BD68-4945-9112-A4AB2D9128EF}.Release|x64.Build.0 = Release|Any CPU
		{81A579A8-BD68-4945-9112-A4AB2D9128EF}.Release|x86.ActiveCfg = Release|Any CPU
		{81A579A8-BD68-4945-9112-A4AB2D9128EF}.Release|x86.Build.0 = Release|Any CPU
		{9DF3C198-5B93-47B1-A8C4-11A25CA6DEF2}.Debug|Any CPU.ActiveCfg = Debug|Any CPU
		{9DF3C198-5B93-47B1-A8C4-11A25CA6DEF2}.Debug|Any CPU.Build.0 = Debug|Any CPU
		{9DF3C198-5B93-47B1-A8C4-11A25CA6DEF2}.Debug|ARM.ActiveCfg = Debug|ARM
		{9DF3C198-5B93-47B1-A8C4-11A25CA6DEF2}.Debug|ARM.Build.0 = Debug|ARM
		{9DF3C198-5B93-47B1-A8C4-11A25CA6DEF2}.Debug|arm64.ActiveCfg = Debug|Any CPU
		{9DF3C198-5B93-47B1-A8C4-11A25CA6DEF2}.Debug|arm64.Build.0 = Debug|Any CPU
		{9DF3C198-5B93-47B1-A8C4-11A25CA6DEF2}.Debug|x64.ActiveCfg = Debug|x64
		{9DF3C198-5B93-47B1-A8C4-11A25CA6DEF2}.Debug|x64.Build.0 = Debug|x64
		{9DF3C198-5B93-47B1-A8C4-11A25CA6DEF2}.Debug|x86.ActiveCfg = Debug|x86
		{9DF3C198-5B93-47B1-A8C4-11A25CA6DEF2}.Debug|x86.Build.0 = Debug|x86
		{9DF3C198-5B93-47B1-A8C4-11A25CA6DEF2}.Release|Any CPU.ActiveCfg = Release|Any CPU
		{9DF3C198-5B93-47B1-A8C4-11A25CA6DEF2}.Release|Any CPU.Build.0 = Release|Any CPU
		{9DF3C198-5B93-47B1-A8C4-11A25CA6DEF2}.Release|ARM.ActiveCfg = Release|ARM
		{9DF3C198-5B93-47B1-A8C4-11A25CA6DEF2}.Release|ARM.Build.0 = Release|ARM
		{9DF3C198-5B93-47B1-A8C4-11A25CA6DEF2}.Release|arm64.ActiveCfg = Release|Any CPU
		{9DF3C198-5B93-47B1-A8C4-11A25CA6DEF2}.Release|arm64.Build.0 = Release|Any CPU
		{9DF3C198-5B93-47B1-A8C4-11A25CA6DEF2}.Release|x64.ActiveCfg = Release|x64
		{9DF3C198-5B93-47B1-A8C4-11A25CA6DEF2}.Release|x64.Build.0 = Release|x64
		{9DF3C198-5B93-47B1-A8C4-11A25CA6DEF2}.Release|x86.ActiveCfg = Release|x86
		{9DF3C198-5B93-47B1-A8C4-11A25CA6DEF2}.Release|x86.Build.0 = Release|x86
		{81B9D77A-B5DB-48D9-971E-246EBE9BC92C}.Debug|Any CPU.ActiveCfg = Debug|Any CPU
		{81B9D77A-B5DB-48D9-971E-246EBE9BC92C}.Debug|Any CPU.Build.0 = Debug|Any CPU
		{81B9D77A-B5DB-48D9-971E-246EBE9BC92C}.Debug|ARM.ActiveCfg = Debug|Any CPU
		{81B9D77A-B5DB-48D9-971E-246EBE9BC92C}.Debug|ARM.Build.0 = Debug|Any CPU
		{81B9D77A-B5DB-48D9-971E-246EBE9BC92C}.Debug|arm64.ActiveCfg = Debug|Any CPU
		{81B9D77A-B5DB-48D9-971E-246EBE9BC92C}.Debug|arm64.Build.0 = Debug|Any CPU
		{81B9D77A-B5DB-48D9-971E-246EBE9BC92C}.Debug|x64.ActiveCfg = Debug|Any CPU
		{81B9D77A-B5DB-48D9-971E-246EBE9BC92C}.Debug|x64.Build.0 = Debug|Any CPU
		{81B9D77A-B5DB-48D9-971E-246EBE9BC92C}.Debug|x86.ActiveCfg = Debug|Any CPU
		{81B9D77A-B5DB-48D9-971E-246EBE9BC92C}.Debug|x86.Build.0 = Debug|Any CPU
		{81B9D77A-B5DB-48D9-971E-246EBE9BC92C}.Release|Any CPU.ActiveCfg = Release|Any CPU
		{81B9D77A-B5DB-48D9-971E-246EBE9BC92C}.Release|Any CPU.Build.0 = Release|Any CPU
		{81B9D77A-B5DB-48D9-971E-246EBE9BC92C}.Release|ARM.ActiveCfg = Release|Any CPU
		{81B9D77A-B5DB-48D9-971E-246EBE9BC92C}.Release|ARM.Build.0 = Release|Any CPU
		{81B9D77A-B5DB-48D9-971E-246EBE9BC92C}.Release|arm64.ActiveCfg = Release|Any CPU
		{81B9D77A-B5DB-48D9-971E-246EBE9BC92C}.Release|arm64.Build.0 = Release|Any CPU
		{81B9D77A-B5DB-48D9-971E-246EBE9BC92C}.Release|x64.ActiveCfg = Release|Any CPU
		{81B9D77A-B5DB-48D9-971E-246EBE9BC92C}.Release|x64.Build.0 = Release|Any CPU
		{81B9D77A-B5DB-48D9-971E-246EBE9BC92C}.Release|x86.ActiveCfg = Release|Any CPU
		{81B9D77A-B5DB-48D9-971E-246EBE9BC92C}.Release|x86.Build.0 = Release|Any CPU
		{B41C3FE7-14D4-46D9-9176-73FBFB3421DD}.Debug|Any CPU.ActiveCfg = Debug|Any CPU
		{B41C3FE7-14D4-46D9-9176-73FBFB3421DD}.Debug|Any CPU.Build.0 = Debug|Any CPU
		{B41C3FE7-14D4-46D9-9176-73FBFB3421DD}.Debug|ARM.ActiveCfg = Debug|Any CPU
		{B41C3FE7-14D4-46D9-9176-73FBFB3421DD}.Debug|ARM.Build.0 = Debug|Any CPU
		{B41C3FE7-14D4-46D9-9176-73FBFB3421DD}.Debug|arm64.ActiveCfg = Debug|Any CPU
		{B41C3FE7-14D4-46D9-9176-73FBFB3421DD}.Debug|arm64.Build.0 = Debug|Any CPU
		{B41C3FE7-14D4-46D9-9176-73FBFB3421DD}.Debug|x64.ActiveCfg = Debug|Any CPU
		{B41C3FE7-14D4-46D9-9176-73FBFB3421DD}.Debug|x64.Build.0 = Debug|Any CPU
		{B41C3FE7-14D4-46D9-9176-73FBFB3421DD}.Debug|x86.ActiveCfg = Debug|Any CPU
		{B41C3FE7-14D4-46D9-9176-73FBFB3421DD}.Debug|x86.Build.0 = Debug|Any CPU
		{B41C3FE7-14D4-46D9-9176-73FBFB3421DD}.Release|Any CPU.ActiveCfg = Release|Any CPU
		{B41C3FE7-14D4-46D9-9176-73FBFB3421DD}.Release|Any CPU.Build.0 = Release|Any CPU
		{B41C3FE7-14D4-46D9-9176-73FBFB3421DD}.Release|ARM.ActiveCfg = Release|Any CPU
		{B41C3FE7-14D4-46D9-9176-73FBFB3421DD}.Release|ARM.Build.0 = Release|Any CPU
		{B41C3FE7-14D4-46D9-9176-73FBFB3421DD}.Release|arm64.ActiveCfg = Release|Any CPU
		{B41C3FE7-14D4-46D9-9176-73FBFB3421DD}.Release|arm64.Build.0 = Release|Any CPU
		{B41C3FE7-14D4-46D9-9176-73FBFB3421DD}.Release|x64.ActiveCfg = Release|Any CPU
		{B41C3FE7-14D4-46D9-9176-73FBFB3421DD}.Release|x64.Build.0 = Release|Any CPU
		{B41C3FE7-14D4-46D9-9176-73FBFB3421DD}.Release|x86.ActiveCfg = Release|Any CPU
		{B41C3FE7-14D4-46D9-9176-73FBFB3421DD}.Release|x86.Build.0 = Release|Any CPU
		{1AE63774-985A-4D2F-AAE1-8056B7B36264}.Debug|Any CPU.ActiveCfg = Debug|Any CPU
		{1AE63774-985A-4D2F-AAE1-8056B7B36264}.Debug|Any CPU.Build.0 = Debug|Any CPU
		{1AE63774-985A-4D2F-AAE1-8056B7B36264}.Debug|ARM.ActiveCfg = Debug|Any CPU
		{1AE63774-985A-4D2F-AAE1-8056B7B36264}.Debug|ARM.Build.0 = Debug|Any CPU
		{1AE63774-985A-4D2F-AAE1-8056B7B36264}.Debug|arm64.ActiveCfg = Debug|Any CPU
		{1AE63774-985A-4D2F-AAE1-8056B7B36264}.Debug|arm64.Build.0 = Debug|Any CPU
		{1AE63774-985A-4D2F-AAE1-8056B7B36264}.Debug|x64.ActiveCfg = Debug|Any CPU
		{1AE63774-985A-4D2F-AAE1-8056B7B36264}.Debug|x64.Build.0 = Debug|Any CPU
		{1AE63774-985A-4D2F-AAE1-8056B7B36264}.Debug|x86.ActiveCfg = Debug|Any CPU
		{1AE63774-985A-4D2F-AAE1-8056B7B36264}.Debug|x86.Build.0 = Debug|Any CPU
		{1AE63774-985A-4D2F-AAE1-8056B7B36264}.Release|Any CPU.ActiveCfg = Release|Any CPU
		{1AE63774-985A-4D2F-AAE1-8056B7B36264}.Release|Any CPU.Build.0 = Release|Any CPU
		{1AE63774-985A-4D2F-AAE1-8056B7B36264}.Release|ARM.ActiveCfg = Release|Any CPU
		{1AE63774-985A-4D2F-AAE1-8056B7B36264}.Release|ARM.Build.0 = Release|Any CPU
		{1AE63774-985A-4D2F-AAE1-8056B7B36264}.Release|arm64.ActiveCfg = Release|Any CPU
		{1AE63774-985A-4D2F-AAE1-8056B7B36264}.Release|arm64.Build.0 = Release|Any CPU
		{1AE63774-985A-4D2F-AAE1-8056B7B36264}.Release|x64.ActiveCfg = Release|Any CPU
		{1AE63774-985A-4D2F-AAE1-8056B7B36264}.Release|x64.Build.0 = Release|Any CPU
		{1AE63774-985A-4D2F-AAE1-8056B7B36264}.Release|x86.ActiveCfg = Release|Any CPU
		{1AE63774-985A-4D2F-AAE1-8056B7B36264}.Release|x86.Build.0 = Release|Any CPU
		{D30BEF13-8056-4C9B-88DD-86DE8370209B}.Debug|Any CPU.ActiveCfg = Debug|x64
		{D30BEF13-8056-4C9B-88DD-86DE8370209B}.Debug|Any CPU.Build.0 = Debug|x64
		{D30BEF13-8056-4C9B-88DD-86DE8370209B}.Debug|Any CPU.Deploy.0 = Debug|x64
		{D30BEF13-8056-4C9B-88DD-86DE8370209B}.Debug|ARM.ActiveCfg = Debug|x64
		{D30BEF13-8056-4C9B-88DD-86DE8370209B}.Debug|ARM.Build.0 = Debug|x64
		{D30BEF13-8056-4C9B-88DD-86DE8370209B}.Debug|ARM.Deploy.0 = Debug|x64
		{D30BEF13-8056-4C9B-88DD-86DE8370209B}.Debug|arm64.ActiveCfg = Debug|arm64
		{D30BEF13-8056-4C9B-88DD-86DE8370209B}.Debug|arm64.Build.0 = Debug|arm64
		{D30BEF13-8056-4C9B-88DD-86DE8370209B}.Debug|arm64.Deploy.0 = Debug|arm64
		{D30BEF13-8056-4C9B-88DD-86DE8370209B}.Debug|x64.ActiveCfg = Debug|x64
		{D30BEF13-8056-4C9B-88DD-86DE8370209B}.Debug|x64.Build.0 = Debug|x64
		{D30BEF13-8056-4C9B-88DD-86DE8370209B}.Debug|x64.Deploy.0 = Debug|x64
		{D30BEF13-8056-4C9B-88DD-86DE8370209B}.Debug|x86.ActiveCfg = Debug|x86
		{D30BEF13-8056-4C9B-88DD-86DE8370209B}.Debug|x86.Build.0 = Debug|x86
		{D30BEF13-8056-4C9B-88DD-86DE8370209B}.Debug|x86.Deploy.0 = Debug|x86
		{D30BEF13-8056-4C9B-88DD-86DE8370209B}.Release|Any CPU.ActiveCfg = Release|x64
		{D30BEF13-8056-4C9B-88DD-86DE8370209B}.Release|Any CPU.Build.0 = Release|x64
		{D30BEF13-8056-4C9B-88DD-86DE8370209B}.Release|Any CPU.Deploy.0 = Release|x64
		{D30BEF13-8056-4C9B-88DD-86DE8370209B}.Release|ARM.ActiveCfg = Release|x64
		{D30BEF13-8056-4C9B-88DD-86DE8370209B}.Release|ARM.Build.0 = Release|x64
		{D30BEF13-8056-4C9B-88DD-86DE8370209B}.Release|ARM.Deploy.0 = Release|x64
		{D30BEF13-8056-4C9B-88DD-86DE8370209B}.Release|arm64.ActiveCfg = Release|arm64
		{D30BEF13-8056-4C9B-88DD-86DE8370209B}.Release|arm64.Build.0 = Release|arm64
		{D30BEF13-8056-4C9B-88DD-86DE8370209B}.Release|arm64.Deploy.0 = Release|arm64
		{D30BEF13-8056-4C9B-88DD-86DE8370209B}.Release|x64.ActiveCfg = Release|x64
		{D30BEF13-8056-4C9B-88DD-86DE8370209B}.Release|x64.Build.0 = Release|x64
		{D30BEF13-8056-4C9B-88DD-86DE8370209B}.Release|x64.Deploy.0 = Release|x64
		{D30BEF13-8056-4C9B-88DD-86DE8370209B}.Release|x86.ActiveCfg = Release|x86
		{D30BEF13-8056-4C9B-88DD-86DE8370209B}.Release|x86.Build.0 = Release|x86
		{D30BEF13-8056-4C9B-88DD-86DE8370209B}.Release|x86.Deploy.0 = Release|x86
		{3495D5AB-D333-483D-AEB5-619CB91DC846}.Debug|Any CPU.ActiveCfg = Debug|Any CPU
		{3495D5AB-D333-483D-AEB5-619CB91DC846}.Debug|Any CPU.Build.0 = Debug|Any CPU
		{3495D5AB-D333-483D-AEB5-619CB91DC846}.Debug|ARM.ActiveCfg = Debug|Any CPU
		{3495D5AB-D333-483D-AEB5-619CB91DC846}.Debug|ARM.Build.0 = Debug|Any CPU
		{3495D5AB-D333-483D-AEB5-619CB91DC846}.Debug|arm64.ActiveCfg = Debug|Any CPU
		{3495D5AB-D333-483D-AEB5-619CB91DC846}.Debug|arm64.Build.0 = Debug|Any CPU
		{3495D5AB-D333-483D-AEB5-619CB91DC846}.Debug|x64.ActiveCfg = Debug|Any CPU
		{3495D5AB-D333-483D-AEB5-619CB91DC846}.Debug|x64.Build.0 = Debug|Any CPU
		{3495D5AB-D333-483D-AEB5-619CB91DC846}.Debug|x86.ActiveCfg = Debug|Any CPU
		{3495D5AB-D333-483D-AEB5-619CB91DC846}.Debug|x86.Build.0 = Debug|Any CPU
		{3495D5AB-D333-483D-AEB5-619CB91DC846}.Release|Any CPU.ActiveCfg = Release|Any CPU
		{3495D5AB-D333-483D-AEB5-619CB91DC846}.Release|Any CPU.Build.0 = Release|Any CPU
		{3495D5AB-D333-483D-AEB5-619CB91DC846}.Release|ARM.ActiveCfg = Release|Any CPU
		{3495D5AB-D333-483D-AEB5-619CB91DC846}.Release|ARM.Build.0 = Release|Any CPU
		{3495D5AB-D333-483D-AEB5-619CB91DC846}.Release|arm64.ActiveCfg = Release|Any CPU
		{3495D5AB-D333-483D-AEB5-619CB91DC846}.Release|arm64.Build.0 = Release|Any CPU
		{3495D5AB-D333-483D-AEB5-619CB91DC846}.Release|x64.ActiveCfg = Release|Any CPU
		{3495D5AB-D333-483D-AEB5-619CB91DC846}.Release|x64.Build.0 = Release|Any CPU
		{3495D5AB-D333-483D-AEB5-619CB91DC846}.Release|x86.ActiveCfg = Release|Any CPU
		{3495D5AB-D333-483D-AEB5-619CB91DC846}.Release|x86.Build.0 = Release|Any CPU
		{61600C00-9ACF-4A7A-A91D-0A8680D8FCDB}.Debug|Any CPU.ActiveCfg = Debug|Any CPU
		{61600C00-9ACF-4A7A-A91D-0A8680D8FCDB}.Debug|Any CPU.Build.0 = Debug|Any CPU
		{61600C00-9ACF-4A7A-A91D-0A8680D8FCDB}.Debug|ARM.ActiveCfg = Debug|Any CPU
		{61600C00-9ACF-4A7A-A91D-0A8680D8FCDB}.Debug|ARM.Build.0 = Debug|Any CPU
		{61600C00-9ACF-4A7A-A91D-0A8680D8FCDB}.Debug|arm64.ActiveCfg = Debug|Any CPU
		{61600C00-9ACF-4A7A-A91D-0A8680D8FCDB}.Debug|arm64.Build.0 = Debug|Any CPU
		{61600C00-9ACF-4A7A-A91D-0A8680D8FCDB}.Debug|x64.ActiveCfg = Debug|Any CPU
		{61600C00-9ACF-4A7A-A91D-0A8680D8FCDB}.Debug|x64.Build.0 = Debug|Any CPU
		{61600C00-9ACF-4A7A-A91D-0A8680D8FCDB}.Debug|x86.ActiveCfg = Debug|Any CPU
		{61600C00-9ACF-4A7A-A91D-0A8680D8FCDB}.Debug|x86.Build.0 = Debug|Any CPU
		{61600C00-9ACF-4A7A-A91D-0A8680D8FCDB}.Release|Any CPU.ActiveCfg = Release|Any CPU
		{61600C00-9ACF-4A7A-A91D-0A8680D8FCDB}.Release|Any CPU.Build.0 = Release|Any CPU
		{61600C00-9ACF-4A7A-A91D-0A8680D8FCDB}.Release|ARM.ActiveCfg = Release|Any CPU
		{61600C00-9ACF-4A7A-A91D-0A8680D8FCDB}.Release|ARM.Build.0 = Release|Any CPU
		{61600C00-9ACF-4A7A-A91D-0A8680D8FCDB}.Release|arm64.ActiveCfg = Release|Any CPU
		{61600C00-9ACF-4A7A-A91D-0A8680D8FCDB}.Release|arm64.Build.0 = Release|Any CPU
		{61600C00-9ACF-4A7A-A91D-0A8680D8FCDB}.Release|x64.ActiveCfg = Release|Any CPU
		{61600C00-9ACF-4A7A-A91D-0A8680D8FCDB}.Release|x64.Build.0 = Release|Any CPU
		{61600C00-9ACF-4A7A-A91D-0A8680D8FCDB}.Release|x86.ActiveCfg = Release|Any CPU
		{61600C00-9ACF-4A7A-A91D-0A8680D8FCDB}.Release|x86.Build.0 = Release|Any CPU
		{19ECF564-2D56-4F19-BE38-5AC07CBF8306}.Debug|Any CPU.ActiveCfg = Debug|x64
		{19ECF564-2D56-4F19-BE38-5AC07CBF8306}.Debug|Any CPU.Build.0 = Debug|x64
		{19ECF564-2D56-4F19-BE38-5AC07CBF8306}.Debug|Any CPU.Deploy.0 = Debug|x64
		{19ECF564-2D56-4F19-BE38-5AC07CBF8306}.Debug|ARM.ActiveCfg = Debug|ARM
		{19ECF564-2D56-4F19-BE38-5AC07CBF8306}.Debug|ARM.Build.0 = Debug|ARM
		{19ECF564-2D56-4F19-BE38-5AC07CBF8306}.Debug|ARM.Deploy.0 = Debug|ARM
		{19ECF564-2D56-4F19-BE38-5AC07CBF8306}.Debug|arm64.ActiveCfg = Debug|ARM64
		{19ECF564-2D56-4F19-BE38-5AC07CBF8306}.Debug|arm64.Build.0 = Debug|ARM64
		{19ECF564-2D56-4F19-BE38-5AC07CBF8306}.Debug|arm64.Deploy.0 = Debug|ARM64
		{19ECF564-2D56-4F19-BE38-5AC07CBF8306}.Debug|x64.ActiveCfg = Debug|x64
		{19ECF564-2D56-4F19-BE38-5AC07CBF8306}.Debug|x64.Build.0 = Debug|x64
		{19ECF564-2D56-4F19-BE38-5AC07CBF8306}.Debug|x64.Deploy.0 = Debug|x64
		{19ECF564-2D56-4F19-BE38-5AC07CBF8306}.Debug|x86.ActiveCfg = Debug|x86
		{19ECF564-2D56-4F19-BE38-5AC07CBF8306}.Debug|x86.Build.0 = Debug|x86
		{19ECF564-2D56-4F19-BE38-5AC07CBF8306}.Debug|x86.Deploy.0 = Debug|x86
		{19ECF564-2D56-4F19-BE38-5AC07CBF8306}.Release|Any CPU.ActiveCfg = Release|x64
		{19ECF564-2D56-4F19-BE38-5AC07CBF8306}.Release|Any CPU.Build.0 = Release|x64
		{19ECF564-2D56-4F19-BE38-5AC07CBF8306}.Release|Any CPU.Deploy.0 = Release|x64
		{19ECF564-2D56-4F19-BE38-5AC07CBF8306}.Release|ARM.ActiveCfg = Release|ARM
		{19ECF564-2D56-4F19-BE38-5AC07CBF8306}.Release|ARM.Build.0 = Release|ARM
		{19ECF564-2D56-4F19-BE38-5AC07CBF8306}.Release|ARM.Deploy.0 = Release|ARM
		{19ECF564-2D56-4F19-BE38-5AC07CBF8306}.Release|arm64.ActiveCfg = Release|ARM64
		{19ECF564-2D56-4F19-BE38-5AC07CBF8306}.Release|arm64.Build.0 = Release|ARM64
		{19ECF564-2D56-4F19-BE38-5AC07CBF8306}.Release|arm64.Deploy.0 = Release|ARM64
		{19ECF564-2D56-4F19-BE38-5AC07CBF8306}.Release|x64.ActiveCfg = Release|x64
		{19ECF564-2D56-4F19-BE38-5AC07CBF8306}.Release|x64.Build.0 = Release|x64
		{19ECF564-2D56-4F19-BE38-5AC07CBF8306}.Release|x64.Deploy.0 = Release|x64
		{19ECF564-2D56-4F19-BE38-5AC07CBF8306}.Release|x86.ActiveCfg = Release|x86
		{19ECF564-2D56-4F19-BE38-5AC07CBF8306}.Release|x86.Build.0 = Release|x86
		{19ECF564-2D56-4F19-BE38-5AC07CBF8306}.Release|x86.Deploy.0 = Release|x86
		{073C7D55-2FC4-4010-861C-A07F63EFF010}.Debug|Any CPU.ActiveCfg = Debug|x64
		{073C7D55-2FC4-4010-861C-A07F63EFF010}.Debug|Any CPU.Build.0 = Debug|x64
		{073C7D55-2FC4-4010-861C-A07F63EFF010}.Debug|Any CPU.Deploy.0 = Debug|x64
		{073C7D55-2FC4-4010-861C-A07F63EFF010}.Debug|ARM.ActiveCfg = Debug|ARM
		{073C7D55-2FC4-4010-861C-A07F63EFF010}.Debug|ARM.Build.0 = Debug|ARM
		{073C7D55-2FC4-4010-861C-A07F63EFF010}.Debug|ARM.Deploy.0 = Debug|ARM
		{073C7D55-2FC4-4010-861C-A07F63EFF010}.Debug|arm64.ActiveCfg = Debug|ARM64
		{073C7D55-2FC4-4010-861C-A07F63EFF010}.Debug|arm64.Build.0 = Debug|ARM64
		{073C7D55-2FC4-4010-861C-A07F63EFF010}.Debug|arm64.Deploy.0 = Debug|ARM64
		{073C7D55-2FC4-4010-861C-A07F63EFF010}.Debug|x64.ActiveCfg = Debug|x64
		{073C7D55-2FC4-4010-861C-A07F63EFF010}.Debug|x64.Build.0 = Debug|x64
		{073C7D55-2FC4-4010-861C-A07F63EFF010}.Debug|x64.Deploy.0 = Debug|x64
		{073C7D55-2FC4-4010-861C-A07F63EFF010}.Debug|x86.ActiveCfg = Debug|x86
		{073C7D55-2FC4-4010-861C-A07F63EFF010}.Debug|x86.Build.0 = Debug|x86
		{073C7D55-2FC4-4010-861C-A07F63EFF010}.Debug|x86.Deploy.0 = Debug|x86
		{073C7D55-2FC4-4010-861C-A07F63EFF010}.Release|Any CPU.ActiveCfg = Release|x64
		{073C7D55-2FC4-4010-861C-A07F63EFF010}.Release|Any CPU.Build.0 = Release|x64
		{073C7D55-2FC4-4010-861C-A07F63EFF010}.Release|Any CPU.Deploy.0 = Release|x64
		{073C7D55-2FC4-4010-861C-A07F63EFF010}.Release|ARM.ActiveCfg = Release|ARM
		{073C7D55-2FC4-4010-861C-A07F63EFF010}.Release|ARM.Build.0 = Release|ARM
		{073C7D55-2FC4-4010-861C-A07F63EFF010}.Release|ARM.Deploy.0 = Release|ARM
		{073C7D55-2FC4-4010-861C-A07F63EFF010}.Release|arm64.ActiveCfg = Release|ARM64
		{073C7D55-2FC4-4010-861C-A07F63EFF010}.Release|arm64.Build.0 = Release|ARM64
		{073C7D55-2FC4-4010-861C-A07F63EFF010}.Release|arm64.Deploy.0 = Release|ARM64
		{073C7D55-2FC4-4010-861C-A07F63EFF010}.Release|x64.ActiveCfg = Release|x64
		{073C7D55-2FC4-4010-861C-A07F63EFF010}.Release|x64.Build.0 = Release|x64
		{073C7D55-2FC4-4010-861C-A07F63EFF010}.Release|x64.Deploy.0 = Release|x64
		{073C7D55-2FC4-4010-861C-A07F63EFF010}.Release|x86.ActiveCfg = Release|x86
		{073C7D55-2FC4-4010-861C-A07F63EFF010}.Release|x86.Build.0 = Release|x86
		{073C7D55-2FC4-4010-861C-A07F63EFF010}.Release|x86.Deploy.0 = Release|x86
	EndGlobalSection
	GlobalSection(SolutionProperties) = preSolution
		HideSolutionNode = FALSE
	EndGlobalSection
	GlobalSection(NestedProjects) = preSolution
		{81A579A8-BD68-4945-9112-A4AB2D9128EF} = {83EB4975-457E-4BBC-B51D-28EFA5323D75}
		{05125588-4E3D-4C6A-B86B-DDCB347D4A17} = {4775A2DB-63AA-44DC-877B-B979FF603B30}
		{1DA6F6CB-79AE-423D-8BC2-E2A525F8CCD9} = {4775A2DB-63AA-44DC-877B-B979FF603B30}
		{17CAF50C-6880-4E60-92A2-852F6B7BA616} = {4775A2DB-63AA-44DC-877B-B979FF603B30}
		{9DF3C198-5B93-47B1-A8C4-11A25CA6DEF2} = {E56158CA-E95E-4ECC-B2CF-AD26DF19F7FA}
		{81B9D77A-B5DB-48D9-971E-246EBE9BC92C} = {E56158CA-E95E-4ECC-B2CF-AD26DF19F7FA}
		{B41C3FE7-14D4-46D9-9176-73FBFB3421DD} = {E56158CA-E95E-4ECC-B2CF-AD26DF19F7FA}
		{1AE63774-985A-4D2F-AAE1-8056B7B36264} = {E56158CA-E95E-4ECC-B2CF-AD26DF19F7FA}
		{D30BEF13-8056-4C9B-88DD-86DE8370209B} = {17CAF50C-6880-4E60-92A2-852F6B7BA616}
		{3495D5AB-D333-483D-AEB5-619CB91DC846} = {E56158CA-E95E-4ECC-B2CF-AD26DF19F7FA}
		{61600C00-9ACF-4A7A-A91D-0A8680D8FCDB} = {1DA6F6CB-79AE-423D-8BC2-E2A525F8CCD9}
		{19ECF564-2D56-4F19-BE38-5AC07CBF8306} = {05125588-4E3D-4C6A-B86B-DDCB347D4A17}
		{073C7D55-2FC4-4010-861C-A07F63EFF010} = {05125588-4E3D-4C6A-B86B-DDCB347D4A17}
	EndGlobalSection
	GlobalSection(ExtensibilityGlobals) = postSolution
		SolutionGuid = {DFEEF68E-F434-4EE3-8AF5-9A77B6891487}
	EndGlobalSection
EndGlobal
