
Microsoft Visual Studio Solution File, Format Version 12.00
# Visual Studio Version 16
VisualStudioVersion = 16.0.31112.23
MinimumVisualStudioVersion = 10.0.40219.1
Project("{C7167F0D-BC9F-4E6E-AFE1-012C56B48DB5}") = "XamlBenchmarkWinUI (Package)", "XamlBenchmarkWinUI\XamlBenchmarkWinUI (Package)\XamlBenchmarkWinUI (Package).wapproj", "{C7204ED3-28C6-490F-8231-C910509D7BF4}"
EndProject
Project("{9A19103F-16F7-4668-BE54-9A1E7A4F7556}") = "XamlBenchmarkWinUI", "XamlBenchmarkWinUI\XamlBenchmarkWinUI\XamlBenchmarkWinUI.csproj", "{A3EC6BD2-6AC7-483A-8B08-17AFB815ECDE}"
EndProject
Project("{9A19103F-16F7-4668-BE54-9A1E7A4F7556}") = "Microsoft.Maui.Graphics.Xaml.WPF", "Microsoft.Maui.Graphics.Xaml.WPF\Microsoft.Maui.Graphics.Xaml.WPF.csproj", "{1C920DBE-AB54-4DF6-8097-B50FA69E4B00}"
EndProject
Project("{9A19103F-16F7-4668-BE54-9A1E7A4F7556}") = "Microsoft.Maui.Graphics", "Microsoft.Maui.Graphics\Microsoft.Maui.Graphics.csproj", "{B421A897-8A5D-4FC6-B282-D96EE1C50DC5}"
EndProject
Project("{FAE04EC0-301F-11D3-BF4B-00C04F79EFBC}") = "Microsoft.Maui.Graphics.Xaml.UWP", "Microsoft.Maui.Graphics.Xaml.UWP\Microsoft.Maui.Graphics.Xaml.UWP.csproj", "{C99642F7-90C6-4041-867B-754C303AAFFB}"
EndProject
Project("{9A19103F-16F7-4668-BE54-9A1E7A4F7556}") = "Microsoft.Maui.Graphics.Xaml.WinUI", "Microsoft.Maui.Graphics.Xaml.WinUI\Microsoft.Maui.Graphics.Xaml.WinUI.csproj", "{9A282EF4-8D51-4B6C-B3A4-B7407A8EBE2B}"
EndProject
Project("{9A19103F-16F7-4668-BE54-9A1E7A4F7556}") = "XamlBenchmarkWPF", "XamlBenchmarkWPF\XamlBenchmarkWPF.csproj", "{5BCC5A9C-3B92-45B8-89C7-B901E541C05D}"
EndProject
Project("{9A19103F-16F7-4668-BE54-9A1E7A4F7556}") = "GraphicsTester", "GraphicsTester\GraphicsTester.csproj", "{81A579A8-BD68-4945-9112-A4AB2D9128EF}"
EndProject
Project("{9A19103F-16F7-4668-BE54-9A1E7A4F7556}") = "Microsoft.Maui.Graphics.Text.Markdig", "Microsoft.Maui.Graphics.Text.Markdig\Microsoft.Maui.Graphics.Text.Markdig.csproj", "{19BD9543-3154-4483-89BD-B977DA152BF5}"
EndProject
Project("{FAE04EC0-301F-11D3-BF4B-00C04F79EFBC}") = "XamlBenchmarkUWP", "XamlBenchmarkUWP\XamlBenchmarkUWP.csproj", "{19ECF564-2D56-4F19-BE38-5AC07CBF8306}"
EndProject
Project("{2150E333-8FDC-42A3-9474-1A3956D46DE8}") = "GitHub", "GitHub", "{3BD44E88-C2E1-4FDD-969F-327C88CF048E}"
	ProjectSection(SolutionItems) = preProject
		README.md = README.md
	EndProjectSection
EndProject
Global
	GlobalSection(SolutionConfigurationPlatforms) = preSolution
		Debug|Any CPU = Debug|Any CPU
		Debug|ARM = Debug|ARM
		Debug|arm64 = Debug|arm64
		Debug|x64 = Debug|x64
		Debug|x86 = Debug|x86
		Release|Any CPU = Release|Any CPU
		Release|ARM = Release|ARM
		Release|arm64 = Release|arm64
		Release|x64 = Release|x64
		Release|x86 = Release|x86
	EndGlobalSection
	GlobalSection(ProjectConfigurationPlatforms) = postSolution
		{C7204ED3-28C6-490F-8231-C910509D7BF4}.Debug|Any CPU.ActiveCfg = Debug|x86
		{C7204ED3-28C6-490F-8231-C910509D7BF4}.Debug|ARM.ActiveCfg = Debug|x86
		{C7204ED3-28C6-490F-8231-C910509D7BF4}.Debug|arm64.ActiveCfg = Debug|arm64
		{C7204ED3-28C6-490F-8231-C910509D7BF4}.Debug|arm64.Build.0 = Debug|arm64
		{C7204ED3-28C6-490F-8231-C910509D7BF4}.Debug|arm64.Deploy.0 = Debug|arm64
		{C7204ED3-28C6-490F-8231-C910509D7BF4}.Debug|x64.ActiveCfg = Debug|x64
		{C7204ED3-28C6-490F-8231-C910509D7BF4}.Debug|x64.Build.0 = Debug|x64
		{C7204ED3-28C6-490F-8231-C910509D7BF4}.Debug|x64.Deploy.0 = Debug|x64
		{C7204ED3-28C6-490F-8231-C910509D7BF4}.Debug|x86.ActiveCfg = Debug|x86
		{C7204ED3-28C6-490F-8231-C910509D7BF4}.Debug|x86.Build.0 = Debug|x86
		{C7204ED3-28C6-490F-8231-C910509D7BF4}.Debug|x86.Deploy.0 = Debug|x86
		{C7204ED3-28C6-490F-8231-C910509D7BF4}.Release|Any CPU.ActiveCfg = Release|x86
		{C7204ED3-28C6-490F-8231-C910509D7BF4}.Release|ARM.ActiveCfg = Release|x86
		{C7204ED3-28C6-490F-8231-C910509D7BF4}.Release|arm64.ActiveCfg = Release|arm64
		{C7204ED3-28C6-490F-8231-C910509D7BF4}.Release|arm64.Build.0 = Release|arm64
		{C7204ED3-28C6-490F-8231-C910509D7BF4}.Release|arm64.Deploy.0 = Release|arm64
		{C7204ED3-28C6-490F-8231-C910509D7BF4}.Release|x64.ActiveCfg = Release|x64
		{C7204ED3-28C6-490F-8231-C910509D7BF4}.Release|x64.Build.0 = Release|x64
		{C7204ED3-28C6-490F-8231-C910509D7BF4}.Release|x64.Deploy.0 = Release|x64
		{C7204ED3-28C6-490F-8231-C910509D7BF4}.Release|x86.ActiveCfg = Release|x86
		{C7204ED3-28C6-490F-8231-C910509D7BF4}.Release|x86.Build.0 = Release|x86
		{C7204ED3-28C6-490F-8231-C910509D7BF4}.Release|x86.Deploy.0 = Release|x86
		{A3EC6BD2-6AC7-483A-8B08-17AFB815ECDE}.Debug|Any CPU.ActiveCfg = Debug|x86
		{A3EC6BD2-6AC7-483A-8B08-17AFB815ECDE}.Debug|ARM.ActiveCfg = Debug|x86
		{A3EC6BD2-6AC7-483A-8B08-17AFB815ECDE}.Debug|arm64.ActiveCfg = Debug|arm64
		{A3EC6BD2-6AC7-483A-8B08-17AFB815ECDE}.Debug|arm64.Build.0 = Debug|arm64
		{A3EC6BD2-6AC7-483A-8B08-17AFB815ECDE}.Debug|x64.ActiveCfg = Debug|x64
		{A3EC6BD2-6AC7-483A-8B08-17AFB815ECDE}.Debug|x64.Build.0 = Debug|x64
		{A3EC6BD2-6AC7-483A-8B08-17AFB815ECDE}.Debug|x86.ActiveCfg = Debug|x86
		{A3EC6BD2-6AC7-483A-8B08-17AFB815ECDE}.Debug|x86.Build.0 = Debug|x86
		{A3EC6BD2-6AC7-483A-8B08-17AFB815ECDE}.Release|Any CPU.ActiveCfg = Release|x86
		{A3EC6BD2-6AC7-483A-8B08-17AFB815ECDE}.Release|ARM.ActiveCfg = Release|x86
		{A3EC6BD2-6AC7-483A-8B08-17AFB815ECDE}.Release|arm64.ActiveCfg = Release|arm64
		{A3EC6BD2-6AC7-483A-8B08-17AFB815ECDE}.Release|arm64.Build.0 = Release|arm64
		{A3EC6BD2-6AC7-483A-8B08-17AFB815ECDE}.Release|x64.ActiveCfg = Release|x64
		{A3EC6BD2-6AC7-483A-8B08-17AFB815ECDE}.Release|x64.Build.0 = Release|x64
		{A3EC6BD2-6AC7-483A-8B08-17AFB815ECDE}.Release|x86.ActiveCfg = Release|x86
		{A3EC6BD2-6AC7-483A-8B08-17AFB815ECDE}.Release|x86.Build.0 = Release|x86
		{1C920DBE-AB54-4DF6-8097-B50FA69E4B00}.Debug|Any CPU.ActiveCfg = Debug|Any CPU
		{1C920DBE-AB54-4DF6-8097-B50FA69E4B00}.Debug|Any CPU.Build.0 = Debug|Any CPU
		{1C920DBE-AB54-4DF6-8097-B50FA69E4B00}.Debug|ARM.ActiveCfg = Debug|Any CPU
		{1C920DBE-AB54-4DF6-8097-B50FA69E4B00}.Debug|ARM.Build.0 = Debug|Any CPU
		{1C920DBE-AB54-4DF6-8097-B50FA69E4B00}.Debug|arm64.ActiveCfg = Debug|Any CPU
		{1C920DBE-AB54-4DF6-8097-B50FA69E4B00}.Debug|arm64.Build.0 = Debug|Any CPU
		{1C920DBE-AB54-4DF6-8097-B50FA69E4B00}.Debug|x64.ActiveCfg = Debug|Any CPU
		{1C920DBE-AB54-4DF6-8097-B50FA69E4B00}.Debug|x64.Build.0 = Debug|Any CPU
		{1C920DBE-AB54-4DF6-8097-B50FA69E4B00}.Debug|x86.ActiveCfg = Debug|Any CPU
		{1C920DBE-AB54-4DF6-8097-B50FA69E4B00}.Debug|x86.Build.0 = Debug|Any CPU
		{1C920DBE-AB54-4DF6-8097-B50FA69E4B00}.Release|Any CPU.ActiveCfg = Release|Any CPU
		{1C920DBE-AB54-4DF6-8097-B50FA69E4B00}.Release|Any CPU.Build.0 = Release|Any CPU
		{1C920DBE-AB54-4DF6-8097-B50FA69E4B00}.Release|ARM.ActiveCfg = Release|Any CPU
		{1C920DBE-AB54-4DF6-8097-B50FA69E4B00}.Release|ARM.Build.0 = Release|Any CPU
		{1C920DBE-AB54-4DF6-8097-B50FA69E4B00}.Release|arm64.ActiveCfg = Release|Any CPU
		{1C920DBE-AB54-4DF6-8097-B50FA69E4B00}.Release|arm64.Build.0 = Release|Any CPU
		{1C920DBE-AB54-4DF6-8097-B50FA69E4B00}.Release|x64.ActiveCfg = Release|Any CPU
		{1C920DBE-AB54-4DF6-8097-B50FA69E4B00}.Release|x64.Build.0 = Release|Any CPU
		{1C920DBE-AB54-4DF6-8097-B50FA69E4B00}.Release|x86.ActiveCfg = Release|Any CPU
		{1C920DBE-AB54-4DF6-8097-B50FA69E4B00}.Release|x86.Build.0 = Release|Any CPU
		{B421A897-8A5D-4FC6-B282-D96EE1C50DC5}.Debug|Any CPU.ActiveCfg = Debug|Any CPU
		{B421A897-8A5D-4FC6-B282-D96EE1C50DC5}.Debug|Any CPU.Build.0 = Debug|Any CPU
		{B421A897-8A5D-4FC6-B282-D96EE1C50DC5}.Debug|ARM.ActiveCfg = Debug|Any CPU
		{B421A897-8A5D-4FC6-B282-D96EE1C50DC5}.Debug|ARM.Build.0 = Debug|Any CPU
		{B421A897-8A5D-4FC6-B282-D96EE1C50DC5}.Debug|arm64.ActiveCfg = Debug|Any CPU
		{B421A897-8A5D-4FC6-B282-D96EE1C50DC5}.Debug|arm64.Build.0 = Debug|Any CPU
		{B421A897-8A5D-4FC6-B282-D96EE1C50DC5}.Debug|x64.ActiveCfg = Debug|Any CPU
		{B421A897-8A5D-4FC6-B282-D96EE1C50DC5}.Debug|x64.Build.0 = Debug|Any CPU
		{B421A897-8A5D-4FC6-B282-D96EE1C50DC5}.Debug|x86.ActiveCfg = Debug|Any CPU
		{B421A897-8A5D-4FC6-B282-D96EE1C50DC5}.Debug|x86.Build.0 = Debug|Any CPU
		{B421A897-8A5D-4FC6-B282-D96EE1C50DC5}.Release|Any CPU.ActiveCfg = Release|Any CPU
		{B421A897-8A5D-4FC6-B282-D96EE1C50DC5}.Release|Any CPU.Build.0 = Release|Any CPU
		{B421A897-8A5D-4FC6-B282-D96EE1C50DC5}.Release|ARM.ActiveCfg = Release|Any CPU
		{B421A897-8A5D-4FC6-B282-D96EE1C50DC5}.Release|ARM.Build.0 = Release|Any CPU
		{B421A897-8A5D-4FC6-B282-D96EE1C50DC5}.Release|arm64.ActiveCfg = Release|Any CPU
		{B421A897-8A5D-4FC6-B282-D96EE1C50DC5}.Release|arm64.Build.0 = Release|Any CPU
		{B421A897-8A5D-4FC6-B282-D96EE1C50DC5}.Release|x64.ActiveCfg = Release|Any CPU
		{B421A897-8A5D-4FC6-B282-D96EE1C50DC5}.Release|x64.Build.0 = Release|Any CPU
		{B421A897-8A5D-4FC6-B282-D96EE1C50DC5}.Release|x86.ActiveCfg = Release|Any CPU
		{B421A897-8A5D-4FC6-B282-D96EE1C50DC5}.Release|x86.Build.0 = Release|Any CPU
		{C99642F7-90C6-4041-867B-754C303AAFFB}.Debug|Any CPU.ActiveCfg = Debug|Any CPU
		{C99642F7-90C6-4041-867B-754C303AAFFB}.Debug|Any CPU.Build.0 = Debug|Any CPU
		{C99642F7-90C6-4041-867B-754C303AAFFB}.Debug|ARM.ActiveCfg = Debug|ARM
		{C99642F7-90C6-4041-867B-754C303AAFFB}.Debug|ARM.Build.0 = Debug|ARM
		{C99642F7-90C6-4041-867B-754C303AAFFB}.Debug|arm64.ActiveCfg = Debug|ARM64
		{C99642F7-90C6-4041-867B-754C303AAFFB}.Debug|arm64.Build.0 = Debug|ARM64
		{C99642F7-90C6-4041-867B-754C303AAFFB}.Debug|x64.ActiveCfg = Debug|x64
		{C99642F7-90C6-4041-867B-754C303AAFFB}.Debug|x64.Build.0 = Debug|x64
		{C99642F7-90C6-4041-867B-754C303AAFFB}.Debug|x86.ActiveCfg = Debug|x86
		{C99642F7-90C6-4041-867B-754C303AAFFB}.Debug|x86.Build.0 = Debug|x86
		{C99642F7-90C6-4041-867B-754C303AAFFB}.Release|Any CPU.ActiveCfg = Release|Any CPU
		{C99642F7-90C6-4041-867B-754C303AAFFB}.Release|Any CPU.Build.0 = Release|Any CPU
		{C99642F7-90C6-4041-867B-754C303AAFFB}.Release|ARM.ActiveCfg = Release|ARM
		{C99642F7-90C6-4041-867B-754C303AAFFB}.Release|ARM.Build.0 = Release|ARM
		{C99642F7-90C6-4041-867B-754C303AAFFB}.Release|arm64.ActiveCfg = Release|ARM64
		{C99642F7-90C6-4041-867B-754C303AAFFB}.Release|arm64.Build.0 = Release|ARM64
		{C99642F7-90C6-4041-867B-754C303AAFFB}.Release|x64.ActiveCfg = Release|x64
		{C99642F7-90C6-4041-867B-754C303AAFFB}.Release|x64.Build.0 = Release|x64
		{C99642F7-90C6-4041-867B-754C303AAFFB}.Release|x86.ActiveCfg = Release|x86
		{C99642F7-90C6-4041-867B-754C303AAFFB}.Release|x86.Build.0 = Release|x86
		{9A282EF4-8D51-4B6C-B3A4-B7407A8EBE2B}.Debug|Any CPU.ActiveCfg = Debug|Any CPU
		{9A282EF4-8D51-4B6C-B3A4-B7407A8EBE2B}.Debug|Any CPU.Build.0 = Debug|Any CPU
		{9A282EF4-8D51-4B6C-B3A4-B7407A8EBE2B}.Debug|ARM.ActiveCfg = Debug|Any CPU
		{9A282EF4-8D51-4B6C-B3A4-B7407A8EBE2B}.Debug|ARM.Build.0 = Debug|Any CPU
		{9A282EF4-8D51-4B6C-B3A4-B7407A8EBE2B}.Debug|arm64.ActiveCfg = Debug|Any CPU
		{9A282EF4-8D51-4B6C-B3A4-B7407A8EBE2B}.Debug|arm64.Build.0 = Debug|Any CPU
		{9A282EF4-8D51-4B6C-B3A4-B7407A8EBE2B}.Debug|x64.ActiveCfg = Debug|Any CPU
		{9A282EF4-8D51-4B6C-B3A4-B7407A8EBE2B}.Debug|x64.Build.0 = Debug|Any CPU
		{9A282EF4-8D51-4B6C-B3A4-B7407A8EBE2B}.Debug|x86.ActiveCfg = Debug|Any CPU
		{9A282EF4-8D51-4B6C-B3A4-B7407A8EBE2B}.Debug|x86.Build.0 = Debug|Any CPU
		{9A282EF4-8D51-4B6C-B3A4-B7407A8EBE2B}.Release|Any CPU.ActiveCfg = Release|Any CPU
		{9A282EF4-8D51-4B6C-B3A4-B7407A8EBE2B}.Release|Any CPU.Build.0 = Release|Any CPU
		{9A282EF4-8D51-4B6C-B3A4-B7407A8EBE2B}.Release|ARM.ActiveCfg = Release|Any CPU
		{9A282EF4-8D51-4B6C-B3A4-B7407A8EBE2B}.Release|ARM.Build.0 = Release|Any CPU
		{9A282EF4-8D51-4B6C-B3A4-B7407A8EBE2B}.Release|arm64.ActiveCfg = Release|Any CPU
		{9A282EF4-8D51-4B6C-B3A4-B7407A8EBE2B}.Release|arm64.Build.0 = Release|Any CPU
		{9A282EF4-8D51-4B6C-B3A4-B7407A8EBE2B}.Release|x64.ActiveCfg = Release|Any CPU
		{9A282EF4-8D51-4B6C-B3A4-B7407A8EBE2B}.Release|x64.Build.0 = Release|Any CPU
		{9A282EF4-8D51-4B6C-B3A4-B7407A8EBE2B}.Release|x86.ActiveCfg = Release|Any CPU
		{9A282EF4-8D51-4B6C-B3A4-B7407A8EBE2B}.Release|x86.Build.0 = Release|Any CPU
		{5BCC5A9C-3B92-45B8-89C7-B901E541C05D}.Debug|Any CPU.ActiveCfg = Debug|Any CPU
		{5BCC5A9C-3B92-45B8-89C7-B901E541C05D}.Debug|Any CPU.Build.0 = Debug|Any CPU
		{5BCC5A9C-3B92-45B8-89C7-B901E541C05D}.Debug|ARM.ActiveCfg = Debug|Any CPU
		{5BCC5A9C-3B92-45B8-89C7-B901E541C05D}.Debug|ARM.Build.0 = Debug|Any CPU
		{5BCC5A9C-3B92-45B8-89C7-B901E541C05D}.Debug|arm64.ActiveCfg = Debug|Any CPU
		{5BCC5A9C-3B92-45B8-89C7-B901E541C05D}.Debug|arm64.Build.0 = Debug|Any CPU
		{5BCC5A9C-3B92-45B8-89C7-B901E541C05D}.Debug|x64.ActiveCfg = Debug|Any CPU
		{5BCC5A9C-3B92-45B8-89C7-B901E541C05D}.Debug|x64.Build.0 = Debug|Any CPU
		{5BCC5A9C-3B92-45B8-89C7-B901E541C05D}.Debug|x86.ActiveCfg = Debug|Any CPU
		{5BCC5A9C-3B92-45B8-89C7-B901E541C05D}.Debug|x86.Build.0 = Debug|Any CPU
		{5BCC5A9C-3B92-45B8-89C7-B901E541C05D}.Release|Any CPU.ActiveCfg = Release|Any CPU
		{5BCC5A9C-3B92-45B8-89C7-B901E541C05D}.Release|Any CPU.Build.0 = Release|Any CPU
		{5BCC5A9C-3B92-45B8-89C7-B901E541C05D}.Release|ARM.ActiveCfg = Release|Any CPU
		{5BCC5A9C-3B92-45B8-89C7-B901E541C05D}.Release|ARM.Build.0 = Release|Any CPU
		{5BCC5A9C-3B92-45B8-89C7-B901E541C05D}.Release|arm64.ActiveCfg = Release|Any CPU
		{5BCC5A9C-3B92-45B8-89C7-B901E541C05D}.Release|arm64.Build.0 = Release|Any CPU
		{5BCC5A9C-3B92-45B8-89C7-B901E541C05D}.Release|x64.ActiveCfg = Release|Any CPU
		{5BCC5A9C-3B92-45B8-89C7-B901E541C05D}.Release|x64.Build.0 = Release|Any CPU
		{5BCC5A9C-3B92-45B8-89C7-B901E541C05D}.Release|x86.ActiveCfg = Release|Any CPU
		{5BCC5A9C-3B92-45B8-89C7-B901E541C05D}.Release|x86.Build.0 = Release|Any CPU
		{81A579A8-BD68-4945-9112-A4AB2D9128EF}.Debug|Any CPU.ActiveCfg = Debug|Any CPU
		{81A579A8-BD68-4945-9112-A4AB2D9128EF}.Debug|Any CPU.Build.0 = Debug|Any CPU
		{81A579A8-BD68-4945-9112-A4AB2D9128EF}.Debug|ARM.ActiveCfg = Debug|Any CPU
		{81A579A8-BD68-4945-9112-A4AB2D9128EF}.Debug|ARM.Build.0 = Debug|Any CPU
		{81A579A8-BD68-4945-9112-A4AB2D9128EF}.Debug|arm64.ActiveCfg = Debug|Any CPU
		{81A579A8-BD68-4945-9112-A4AB2D9128EF}.Debug|arm64.Build.0 = Debug|Any CPU
		{81A579A8-BD68-4945-9112-A4AB2D9128EF}.Debug|x64.ActiveCfg = Debug|Any CPU
		{81A579A8-BD68-4945-9112-A4AB2D9128EF}.Debug|x64.Build.0 = Debug|Any CPU
		{81A579A8-BD68-4945-9112-A4AB2D9128EF}.Debug|x86.ActiveCfg = Debug|Any CPU
		{81A579A8-BD68-4945-9112-A4AB2D9128EF}.Debug|x86.Build.0 = Debug|Any CPU
		{81A579A8-BD68-4945-9112-A4AB2D9128EF}.Release|Any CPU.ActiveCfg = Release|Any CPU
		{81A579A8-BD68-4945-9112-A4AB2D9128EF}.Release|Any CPU.Build.0 = Release|Any CPU
		{81A579A8-BD68-4945-9112-A4AB2D9128EF}.Release|ARM.ActiveCfg = Release|Any CPU
		{81A579A8-BD68-4945-9112-A4AB2D9128EF}.Release|ARM.Build.0 = Release|Any CPU
		{81A579A8-BD68-4945-9112-A4AB2D9128EF}.Release|arm64.ActiveCfg = Release|Any CPU
		{81A579A8-BD68-4945-9112-A4AB2D9128EF}.Release|arm64.Build.0 = Release|Any CPU
		{81A579A8-BD68-4945-9112-A4AB2D9128EF}.Release|x64.ActiveCfg = Release|Any CPU
		{81A579A8-BD68-4945-9112-A4AB2D9128EF}.Release|x64.Build.0 = Release|Any CPU
		{81A579A8-BD68-4945-9112-A4AB2D9128EF}.Release|x86.ActiveCfg = Release|Any CPU
		{81A579A8-BD68-4945-9112-A4AB2D9128EF}.Release|x86.Build.0 = Release|Any CPU
		{19BD9543-3154-4483-89BD-B977DA152BF5}.Debug|Any CPU.ActiveCfg = Debug|Any CPU
		{19BD9543-3154-4483-89BD-B977DA152BF5}.Debug|Any CPU.Build.0 = Debug|Any CPU
		{19BD9543-3154-4483-89BD-B977DA152BF5}.Debug|ARM.ActiveCfg = Debug|Any CPU
		{19BD9543-3154-4483-89BD-B977DA152BF5}.Debug|ARM.Build.0 = Debug|Any CPU
		{19BD9543-3154-4483-89BD-B977DA152BF5}.Debug|arm64.ActiveCfg = Debug|Any CPU
		{19BD9543-3154-4483-89BD-B977DA152BF5}.Debug|arm64.Build.0 = Debug|Any CPU
		{19BD9543-3154-4483-89BD-B977DA152BF5}.Debug|x64.ActiveCfg = Debug|Any CPU
		{19BD9543-3154-4483-89BD-B977DA152BF5}.Debug|x64.Build.0 = Debug|Any CPU
		{19BD9543-3154-4483-89BD-B977DA152BF5}.Debug|x86.ActiveCfg = Debug|Any CPU
		{19BD9543-3154-4483-89BD-B977DA152BF5}.Debug|x86.Build.0 = Debug|Any CPU
		{19BD9543-3154-4483-89BD-B977DA152BF5}.Release|Any CPU.ActiveCfg = Release|Any CPU
		{19BD9543-3154-4483-89BD-B977DA152BF5}.Release|Any CPU.Build.0 = Release|Any CPU
		{19BD9543-3154-4483-89BD-B977DA152BF5}.Release|ARM.ActiveCfg = Release|Any CPU
		{19BD9543-3154-4483-89BD-B977DA152BF5}.Release|ARM.Build.0 = Release|Any CPU
		{19BD9543-3154-4483-89BD-B977DA152BF5}.Release|arm64.ActiveCfg = Release|Any CPU
		{19BD9543-3154-4483-89BD-B977DA152BF5}.Release|arm64.Build.0 = Release|Any CPU
		{19BD9543-3154-4483-89BD-B977DA152BF5}.Release|x64.ActiveCfg = Release|Any CPU
		{19BD9543-3154-4483-89BD-B977DA152BF5}.Release|x64.Build.0 = Release|Any CPU
		{19BD9543-3154-4483-89BD-B977DA152BF5}.Release|x86.ActiveCfg = Release|Any CPU
		{19BD9543-3154-4483-89BD-B977DA152BF5}.Release|x86.Build.0 = Release|Any CPU
		{19ECF564-2D56-4F19-BE38-5AC07CBF8306}.Debug|Any CPU.ActiveCfg = Debug|x86
		{19ECF564-2D56-4F19-BE38-5AC07CBF8306}.Debug|ARM.ActiveCfg = Debug|ARM
		{19ECF564-2D56-4F19-BE38-5AC07CBF8306}.Debug|ARM.Build.0 = Debug|ARM
		{19ECF564-2D56-4F19-BE38-5AC07CBF8306}.Debug|ARM.Deploy.0 = Debug|ARM
		{19ECF564-2D56-4F19-BE38-5AC07CBF8306}.Debug|arm64.ActiveCfg = Debug|ARM64
		{19ECF564-2D56-4F19-BE38-5AC07CBF8306}.Debug|arm64.Build.0 = Debug|ARM64
		{19ECF564-2D56-4F19-BE38-5AC07CBF8306}.Debug|arm64.Deploy.0 = Debug|ARM64
		{19ECF564-2D56-4F19-BE38-5AC07CBF8306}.Debug|x64.ActiveCfg = Debug|x64
		{19ECF564-2D56-4F19-BE38-5AC07CBF8306}.Debug|x64.Build.0 = Debug|x64
		{19ECF564-2D56-4F19-BE38-5AC07CBF8306}.Debug|x64.Deploy.0 = Debug|x64
		{19ECF564-2D56-4F19-BE38-5AC07CBF8306}.Debug|x86.ActiveCfg = Debug|x86
		{19ECF564-2D56-4F19-BE38-5AC07CBF8306}.Debug|x86.Build.0 = Debug|x86
		{19ECF564-2D56-4F19-BE38-5AC07CBF8306}.Debug|x86.Deploy.0 = Debug|x86
		{19ECF564-2D56-4F19-BE38-5AC07CBF8306}.Release|Any CPU.ActiveCfg = Release|x86
		{19ECF564-2D56-4F19-BE38-5AC07CBF8306}.Release|ARM.ActiveCfg = Release|ARM
		{19ECF564-2D56-4F19-BE38-5AC07CBF8306}.Release|ARM.Build.0 = Release|ARM
		{19ECF564-2D56-4F19-BE38-5AC07CBF8306}.Release|ARM.Deploy.0 = Release|ARM
		{19ECF564-2D56-4F19-BE38-5AC07CBF8306}.Release|arm64.ActiveCfg = Release|ARM64
		{19ECF564-2D56-4F19-BE38-5AC07CBF8306}.Release|arm64.Build.0 = Release|ARM64
		{19ECF564-2D56-4F19-BE38-5AC07CBF8306}.Release|arm64.Deploy.0 = Release|ARM64
		{19ECF564-2D56-4F19-BE38-5AC07CBF8306}.Release|x64.ActiveCfg = Release|x64
		{19ECF564-2D56-4F19-BE38-5AC07CBF8306}.Release|x64.Build.0 = Release|x64
		{19ECF564-2D56-4F19-BE38-5AC07CBF8306}.Release|x64.Deploy.0 = Release|x64
		{19ECF564-2D56-4F19-BE38-5AC07CBF8306}.Release|x86.ActiveCfg = Release|x86
		{19ECF564-2D56-4F19-BE38-5AC07CBF8306}.Release|x86.Build.0 = Release|x86
		{19ECF564-2D56-4F19-BE38-5AC07CBF8306}.Release|x86.Deploy.0 = Release|x86
	EndGlobalSection
	GlobalSection(SolutionProperties) = preSolution
		HideSolutionNode = FALSE
	EndGlobalSection
	GlobalSection(ExtensibilityGlobals) = postSolution
		SolutionGuid = {DFEEF68E-F434-4EE3-8AF5-9A77B6891487}
	EndGlobalSection
EndGlobal
